
Microsoft Visual Studio Solution File, Format Version 12.00
# Visual Studio Version 17
VisualStudioVersion = 17.4.33122.133
MinimumVisualStudioVersion = 10.0.40219.1
Project("{9A19103F-16F7-4668-BE54-9A1E7A4F7556}") = "Child_Process", "Child_Process.csproj", "{1091C01C-E544-4DA4-839E-2176B1ADF01F}"
EndProject
Project("{9A19103F-16F7-4668-BE54-9A1E7A4F7556}") = "FileRead", "..\..\..\source\repos\FileRead\FileRead.csproj", "{105981AE-5BA4-4660-82F8-7155D874146C}"
EndProject
Project("{9A19103F-16F7-4668-BE54-9A1E7A4F7556}") = "OperationWithCommandArg", "..\..\..\source\repos\OperationWithCommandArg\OperationWithCommandArg.csproj", "{EE5BA402-BCFD-4CE8-A4E2-865D8DC1B255}"
EndProject
Global
	GlobalSection(SolutionConfigurationPlatforms) = preSolution
		Debug|Any CPU = Debug|Any CPU
		Release|Any CPU = Release|Any CPU
	EndGlobalSection
	GlobalSection(ProjectConfigurationPlatforms) = postSolution
		{1091C01C-E544-4DA4-839E-2176B1ADF01F}.Debug|Any CPU.ActiveCfg = Debug|Any CPU
		{1091C01C-E544-4DA4-839E-2176B1ADF01F}.Debug|Any CPU.Build.0 = Debug|Any CPU
		{1091C01C-E544-4DA4-839E-2176B1ADF01F}.Release|Any CPU.ActiveCfg = Release|Any CPU
		{1091C01C-E544-4DA4-839E-2176B1ADF01F}.Release|Any CPU.Build.0 = Release|Any CPU
		{105981AE-5BA4-4660-82F8-7155D874146C}.Debug|Any CPU.ActiveCfg = Debug|Any CPU
		{105981AE-5BA4-4660-82F8-7155D874146C}.Debug|Any CPU.Build.0 = Debug|Any CPU
		{105981AE-5BA4-4660-82F8-7155D874146C}.Release|Any CPU.ActiveCfg = Release|Any CPU
		{105981AE-5BA4-4660-82F8-7155D874146C}.Release|Any CPU.Build.0 = Release|Any CPU
		{EE5BA402-BCFD-4CE8-A4E2-865D8DC1B255}.Debug|Any CPU.ActiveCfg = Debug|Any CPU
		{EE5BA402-BCFD-4CE8-A4E2-865D8DC1B255}.Debug|Any CPU.Build.0 = Debug|Any CPU
		{EE5BA402-BCFD-4CE8-A4E2-865D8DC1B255}.Release|Any CPU.ActiveCfg = Release|Any CPU
		{EE5BA402-BCFD-4CE8-A4E2-865D8DC1B255}.Release|Any CPU.Build.0 = Release|Any CPU
	EndGlobalSection
	GlobalSection(SolutionProperties) = preSolution
		HideSolutionNode = FALSE
	EndGlobalSection
	GlobalSection(ExtensibilityGlobals) = postSolution
		SolutionGuid = {D2EEFBC6-EECA-4A27-8E38-F27B1CB79D6F}
	EndGlobalSection
EndGlobal
